// !$*UTF8*$!
{
	archiveVersion = 1;
	classes = {
	};
	objectVersion = 46;
	objects = {

/* Begin PBXBuildFile section */
		5039DFE81E8E9C4800DE21E9 /* ComputeUnitScheduler.swift in Sources */ = {isa = PBXBuildFile; fileRef = 5039DFE71E8E9C4800DE21E9 /* ComputeUnitScheduler.swift */; };
		504AEE621E8E7ED900D644EB /* ComputeUnitDelegate.swift in Sources */ = {isa = PBXBuildFile; fileRef = 504AEE611E8E7ED900D644EB /* ComputeUnitDelegate.swift */; };
		504AEE641E8E7F0100D644EB /* ComputeDataSource.swift in Sources */ = {isa = PBXBuildFile; fileRef = 504AEE631E8E7F0100D644EB /* ComputeDataSource.swift */; };
		504E608A1E8D3B8000C4E3EF /* META.framework in Frameworks */ = {isa = PBXBuildFile; fileRef = 504E60801E8D3B8000C4E3EF /* META.framework */; };
		504E60911E8D3B8000C4E3EF /* META.h in Headers */ = {isa = PBXBuildFile; fileRef = 504E60831E8D3B8000C4E3EF /* META.h */; settings = {ATTRIBUTES = (Public, ); }; };
		504E609B1E8D3BA400C4E3EF /* ComputeUnit.swift in Sources */ = {isa = PBXBuildFile; fileRef = 504E609A1E8D3BA400C4E3EF /* ComputeUnit.swift */; };
		5051A1BA1F39CCC0008776B2 /* RoundRobinSchedulingStrategy.swift in Sources */ = {isa = PBXBuildFile; fileRef = 5051A1B91F39CCC0008776B2 /* RoundRobinSchedulingStrategy.swift */; };
		5054C8871E9BF13F00314D6D /* iOSSystemServices.framework in Frameworks */ = {isa = PBXBuildFile; fileRef = 5054C8861E9BF13F00314D6D /* iOSSystemServices.framework */; };
		5054C88B1E9BF3C600314D6D /* NSTimer+Clusure.swift in Sources */ = {isa = PBXBuildFile; fileRef = 5054C88A1E9BF3C600314D6D /* NSTimer+Clusure.swift */; };
		5054C88D1E9CD50900314D6D /* MetaComputeSchedulerTest.swift in Sources */ = {isa = PBXBuildFile; fileRef = 5054C88C1E9CD50900314D6D /* MetaComputeSchedulerTest.swift */; };
		5057AC571E93BA2B003B8FAB /* MetaComputeUnitTest.swift in Sources */ = {isa = PBXBuildFile; fileRef = 5057AC561E93BA2B003B8FAB /* MetaComputeUnitTest.swift */; };
		5059DFE61E9E4FC400C6ABA3 /* NetworkLatencyService.swift in Sources */ = {isa = PBXBuildFile; fileRef = 5059DFE51E9E4FC400C6ABA3 /* NetworkLatencyService.swift */; };
		5059DFE81E9E514D00C6ABA3 /* Alamofire.framework in Frameworks */ = {isa = PBXBuildFile; fileRef = 5059DFE71E9E514D00C6ABA3 /* Alamofire.framework */; };
		5059DFEE1E9FA8CB00C6ABA3 /* Constants.swift in Sources */ = {isa = PBXBuildFile; fileRef = 5059DFED1E9FA8CB00C6ABA3 /* Constants.swift */; };
		506054A41E968E91009DDF1E /* MetaComputeUnitDataSourceTest.swift in Sources */ = {isa = PBXBuildFile; fileRef = 506054A31E968E91009DDF1E /* MetaComputeUnitDataSourceTest.swift */; };
		5076A36F1EDE063000B1A5F6 /* LatencyNotifier.swift in Sources */ = {isa = PBXBuildFile; fileRef = 5076A36E1EDE063000B1A5F6 /* LatencyNotifier.swift */; };
		5076A3711EDE065700B1A5F6 /* Observable.swift in Sources */ = {isa = PBXBuildFile; fileRef = 5076A3701EDE065700B1A5F6 /* Observable.swift */; };
		5076A3731EDEA2D000B1A5F6 /* BatteryLevelNotifier.swift in Sources */ = {isa = PBXBuildFile; fileRef = 5076A3721EDEA2D000B1A5F6 /* BatteryLevelNotifier.swift */; };
		5076A3751EDEDD9F00B1A5F6 /* CPUUsageNotifier.swift in Sources */ = {isa = PBXBuildFile; fileRef = 5076A3741EDEDD9F00B1A5F6 /* CPUUsageNotifier.swift */; };
		508FB0951EBA0F0D0014E5E3 /* SchedulingStrategy.swift in Sources */ = {isa = PBXBuildFile; fileRef = 508FB0941EBA0F0D0014E5E3 /* SchedulingStrategy.swift */; };
		508FB0971EBA0F390014E5E3 /* AdaptiveSchedulingStrategy.swift in Sources */ = {isa = PBXBuildFile; fileRef = 508FB0961EBA0F390014E5E3 /* AdaptiveSchedulingStrategy.swift */; };
		508FB09A1EC1C5930014E5E3 /* SchedulingOptimizationStrategy.swift in Sources */ = {isa = PBXBuildFile; fileRef = 508FB0991EC1C5930014E5E3 /* SchedulingOptimizationStrategy.swift */; };
		508FB09C1EC1C5F90014E5E3 /* LatencyEffizientOptimizer.swift in Sources */ = {isa = PBXBuildFile; fileRef = 508FB09B1EC1C5F90014E5E3 /* LatencyEffizientOptimizer.swift */; };
/* End PBXBuildFile section */

/* Begin PBXContainerItemProxy section */
		504E608B1E8D3B8000C4E3EF /* PBXContainerItemProxy */ = {
			isa = PBXContainerItemProxy;
			containerPortal = 504E60771E8D3B8000C4E3EF /* Project object */;
			proxyType = 1;
			remoteGlobalIDString = 504E607F1E8D3B8000C4E3EF;
			remoteInfo = META;
		};
/* End PBXContainerItemProxy section */

/* Begin PBXFileReference section */
		5039DFE71E8E9C4800DE21E9 /* ComputeUnitScheduler.swift */ = {isa = PBXFileReference; fileEncoding = 4; lastKnownFileType = sourcecode.swift; path = ComputeUnitScheduler.swift; sourceTree = "<group>"; };
		504AEE611E8E7ED900D644EB /* ComputeUnitDelegate.swift */ = {isa = PBXFileReference; fileEncoding = 4; lastKnownFileType = sourcecode.swift; path = ComputeUnitDelegate.swift; sourceTree = "<group>"; };
		504AEE631E8E7F0100D644EB /* ComputeDataSource.swift */ = {isa = PBXFileReference; fileEncoding = 4; lastKnownFileType = sourcecode.swift; path = ComputeDataSource.swift; sourceTree = "<group>"; };
		504E60801E8D3B8000C4E3EF /* META.framework */ = {isa = PBXFileReference; explicitFileType = wrapper.framework; includeInIndex = 0; path = META.framework; sourceTree = BUILT_PRODUCTS_DIR; };
		504E60831E8D3B8000C4E3EF /* META.h */ = {isa = PBXFileReference; lastKnownFileType = sourcecode.c.h; path = META.h; sourceTree = "<group>"; };
		504E60841E8D3B8000C4E3EF /* Info.plist */ = {isa = PBXFileReference; lastKnownFileType = text.plist.xml; path = Info.plist; sourceTree = "<group>"; };
		504E60891E8D3B8000C4E3EF /* METATests.xctest */ = {isa = PBXFileReference; explicitFileType = wrapper.cfbundle; includeInIndex = 0; path = METATests.xctest; sourceTree = BUILT_PRODUCTS_DIR; };
		504E60901E8D3B8000C4E3EF /* Info.plist */ = {isa = PBXFileReference; lastKnownFileType = text.plist.xml; path = Info.plist; sourceTree = "<group>"; };
		504E609A1E8D3BA400C4E3EF /* ComputeUnit.swift */ = {isa = PBXFileReference; fileEncoding = 4; lastKnownFileType = sourcecode.swift; path = ComputeUnit.swift; sourceTree = "<group>"; };
		5051A1B91F39CCC0008776B2 /* RoundRobinSchedulingStrategy.swift */ = {isa = PBXFileReference; lastKnownFileType = sourcecode.swift; path = RoundRobinSchedulingStrategy.swift; sourceTree = "<group>"; };
		5054C8861E9BF13F00314D6D /* iOSSystemServices.framework */ = {isa = PBXFileReference; lastKnownFileType = wrapper.framework; name = iOSSystemServices.framework; path = Carthage/Build/iOS/iOSSystemServices.framework; sourceTree = "<group>"; };
		5054C88A1E9BF3C600314D6D /* NSTimer+Clusure.swift */ = {isa = PBXFileReference; fileEncoding = 4; lastKnownFileType = sourcecode.swift; path = "NSTimer+Clusure.swift"; sourceTree = "<group>"; };
		5054C88C1E9CD50900314D6D /* MetaComputeSchedulerTest.swift */ = {isa = PBXFileReference; fileEncoding = 4; lastKnownFileType = sourcecode.swift; path = MetaComputeSchedulerTest.swift; sourceTree = "<group>"; };
		5057AC561E93BA2B003B8FAB /* MetaComputeUnitTest.swift */ = {isa = PBXFileReference; fileEncoding = 4; lastKnownFileType = sourcecode.swift; path = MetaComputeUnitTest.swift; sourceTree = "<group>"; };
		5059DFE51E9E4FC400C6ABA3 /* NetworkLatencyService.swift */ = {isa = PBXFileReference; fileEncoding = 4; lastKnownFileType = sourcecode.swift; path = NetworkLatencyService.swift; sourceTree = "<group>"; };
		5059DFE71E9E514D00C6ABA3 /* Alamofire.framework */ = {isa = PBXFileReference; lastKnownFileType = wrapper.framework; name = Alamofire.framework; path = Carthage/Build/iOS/Alamofire.framework; sourceTree = "<group>"; };
		5059DFED1E9FA8CB00C6ABA3 /* Constants.swift */ = {isa = PBXFileReference; fileEncoding = 4; lastKnownFileType = sourcecode.swift; path = Constants.swift; sourceTree = "<group>"; };
		506054A31E968E91009DDF1E /* MetaComputeUnitDataSourceTest.swift */ = {isa = PBXFileReference; fileEncoding = 4; lastKnownFileType = sourcecode.swift; path = MetaComputeUnitDataSourceTest.swift; sourceTree = "<group>"; };
		5076A36E1EDE063000B1A5F6 /* LatencyNotifier.swift */ = {isa = PBXFileReference; fileEncoding = 4; lastKnownFileType = sourcecode.swift; path = LatencyNotifier.swift; sourceTree = "<group>"; };
		5076A3701EDE065700B1A5F6 /* Observable.swift */ = {isa = PBXFileReference; fileEncoding = 4; lastKnownFileType = sourcecode.swift; path = Observable.swift; sourceTree = "<group>"; };
		5076A3721EDEA2D000B1A5F6 /* BatteryLevelNotifier.swift */ = {isa = PBXFileReference; fileEncoding = 4; lastKnownFileType = sourcecode.swift; path = BatteryLevelNotifier.swift; sourceTree = "<group>"; };
		5076A3741EDEDD9F00B1A5F6 /* CPUUsageNotifier.swift */ = {isa = PBXFileReference; fileEncoding = 4; lastKnownFileType = sourcecode.swift; path = CPUUsageNotifier.swift; sourceTree = "<group>"; };
		508FB0941EBA0F0D0014E5E3 /* SchedulingStrategy.swift */ = {isa = PBXFileReference; fileEncoding = 4; lastKnownFileType = sourcecode.swift; path = SchedulingStrategy.swift; sourceTree = "<group>"; };
		508FB0961EBA0F390014E5E3 /* AdaptiveSchedulingStrategy.swift */ = {isa = PBXFileReference; fileEncoding = 4; lastKnownFileType = sourcecode.swift; path = AdaptiveSchedulingStrategy.swift; sourceTree = "<group>"; };
		508FB0991EC1C5930014E5E3 /* SchedulingOptimizationStrategy.swift */ = {isa = PBXFileReference; fileEncoding = 4; lastKnownFileType = sourcecode.swift; path = SchedulingOptimizationStrategy.swift; sourceTree = "<group>"; };
		508FB09B1EC1C5F90014E5E3 /* LatencyEffizientOptimizer.swift */ = {isa = PBXFileReference; fileEncoding = 4; lastKnownFileType = sourcecode.swift; path = LatencyEffizientOptimizer.swift; sourceTree = "<group>"; };
/* End PBXFileReference section */

/* Begin PBXFrameworksBuildPhase section */
		504E607C1E8D3B8000C4E3EF /* Frameworks */ = {
			isa = PBXFrameworksBuildPhase;
			buildActionMask = 2147483647;
			files = (
				5054C8871E9BF13F00314D6D /* iOSSystemServices.framework in Frameworks */,
				5059DFE81E9E514D00C6ABA3 /* Alamofire.framework in Frameworks */,
			);
			runOnlyForDeploymentPostprocessing = 0;
		};
		504E60861E8D3B8000C4E3EF /* Frameworks */ = {
			isa = PBXFrameworksBuildPhase;
			buildActionMask = 2147483647;
			files = (
				504E608A1E8D3B8000C4E3EF /* META.framework in Frameworks */,
			);
			runOnlyForDeploymentPostprocessing = 0;
		};
/* End PBXFrameworksBuildPhase section */

/* Begin PBXGroup section */
		504E60761E8D3B8000C4E3EF = {
			isa = PBXGroup;
			children = (
				504E60821E8D3B8000C4E3EF /* META */,
				504E608D1E8D3B8000C4E3EF /* METATests */,
				504E60811E8D3B8000C4E3EF /* Products */,
				5054C8851E9BF13F00314D6D /* Frameworks */,
			);
			sourceTree = "<group>";
		};
		504E60811E8D3B8000C4E3EF /* Products */ = {
			isa = PBXGroup;
			children = (
				504E60801E8D3B8000C4E3EF /* META.framework */,
				504E60891E8D3B8000C4E3EF /* METATests.xctest */,
			);
			name = Products;
			sourceTree = "<group>";
		};
		504E60821E8D3B8000C4E3EF /* META */ = {
			isa = PBXGroup;
			children = (
				5059DFE91E9F93CA00C6ABA3 /* Core */,
				5059DFE41E9E4FAF00C6ABA3 /* Services */,
				5054C8891E9BF3AC00314D6D /* Extensions */,
				504E60831E8D3B8000C4E3EF /* META.h */,
				504E60841E8D3B8000C4E3EF /* Info.plist */,
				5059DFED1E9FA8CB00C6ABA3 /* Constants.swift */,
			);
			path = META;
			sourceTree = "<group>";
		};
		504E608D1E8D3B8000C4E3EF /* METATests */ = {
			isa = PBXGroup;
			children = (
				504E60901E8D3B8000C4E3EF /* Info.plist */,
				5057AC561E93BA2B003B8FAB /* MetaComputeUnitTest.swift */,
				506054A31E968E91009DDF1E /* MetaComputeUnitDataSourceTest.swift */,
				5054C88C1E9CD50900314D6D /* MetaComputeSchedulerTest.swift */,
			);
			path = METATests;
			sourceTree = "<group>";
		};
		5054C8851E9BF13F00314D6D /* Frameworks */ = {
			isa = PBXGroup;
			children = (
				5059DFE71E9E514D00C6ABA3 /* Alamofire.framework */,
				5054C8861E9BF13F00314D6D /* iOSSystemServices.framework */,
			);
			name = Frameworks;
			sourceTree = "<group>";
		};
		5054C8891E9BF3AC00314D6D /* Extensions */ = {
			isa = PBXGroup;
			children = (
				5054C88A1E9BF3C600314D6D /* NSTimer+Clusure.swift */,
			);
			name = Extensions;
			sourceTree = "<group>";
		};
		5059DFE41E9E4FAF00C6ABA3 /* Services */ = {
			isa = PBXGroup;
			children = (
				5059DFE51E9E4FC400C6ABA3 /* NetworkLatencyService.swift */,
			);
			name = Services;
			sourceTree = "<group>";
		};
		5059DFE91E9F93CA00C6ABA3 /* Core */ = {
			isa = PBXGroup;
			children = (
				5076A36D1EDE061B00B1A5F6 /* Observer+Notifier */,
				508FB0981EC1C57F0014E5E3 /* Scheduling Optimization Strategies */,
				5059DFEA1E9F93DD00C6ABA3 /* Scheduling Strategies */,
				504E609A1E8D3BA400C4E3EF /* ComputeUnit.swift */,
				504AEE611E8E7ED900D644EB /* ComputeUnitDelegate.swift */,
				504AEE631E8E7F0100D644EB /* ComputeDataSource.swift */,
				5039DFE71E8E9C4800DE21E9 /* ComputeUnitScheduler.swift */,
			);
			name = Core;
			sourceTree = "<group>";
		};
		5059DFEA1E9F93DD00C6ABA3 /* Scheduling Strategies */ = {
			isa = PBXGroup;
			children = (
				508FB0941EBA0F0D0014E5E3 /* SchedulingStrategy.swift */,
				508FB0961EBA0F390014E5E3 /* AdaptiveSchedulingStrategy.swift */,
				5051A1B91F39CCC0008776B2 /* RoundRobinSchedulingStrategy.swift */,
			);
			name = "Scheduling Strategies";
			sourceTree = "<group>";
		};
		5076A36D1EDE061B00B1A5F6 /* Observer+Notifier */ = {
			isa = PBXGroup;
			children = (
				5076A36E1EDE063000B1A5F6 /* LatencyNotifier.swift */,
				5076A3701EDE065700B1A5F6 /* Observable.swift */,
				5076A3721EDEA2D000B1A5F6 /* BatteryLevelNotifier.swift */,
				5076A3741EDEDD9F00B1A5F6 /* CPUUsageNotifier.swift */,
			);
			name = "Observer+Notifier";
			sourceTree = "<group>";
		};
		508FB0981EC1C57F0014E5E3 /* Scheduling Optimization Strategies */ = {
			isa = PBXGroup;
			children = (
				508FB0991EC1C5930014E5E3 /* SchedulingOptimizationStrategy.swift */,
				508FB09B1EC1C5F90014E5E3 /* LatencyEffizientOptimizer.swift */,
			);
			name = "Scheduling Optimization Strategies";
			sourceTree = "<group>";
		};
/* End PBXGroup section */

/* Begin PBXHeadersBuildPhase section */
		504E607D1E8D3B8000C4E3EF /* Headers */ = {
			isa = PBXHeadersBuildPhase;
			buildActionMask = 2147483647;
			files = (
				504E60911E8D3B8000C4E3EF /* META.h in Headers */,
			);
			runOnlyForDeploymentPostprocessing = 0;
		};
/* End PBXHeadersBuildPhase section */

/* Begin PBXNativeTarget section */
		504E607F1E8D3B8000C4E3EF /* META */ = {
			isa = PBXNativeTarget;
			buildConfigurationList = 504E60941E8D3B8000C4E3EF /* Build configuration list for PBXNativeTarget "META" */;
			buildPhases = (
				504E607B1E8D3B8000C4E3EF /* Sources */,
				504E607C1E8D3B8000C4E3EF /* Frameworks */,
				504E607D1E8D3B8000C4E3EF /* Headers */,
				504E607E1E8D3B8000C4E3EF /* Resources */,
				5054C8881E9BF18300314D6D /* ShellScript */,
			);
			buildRules = (
			);
			dependencies = (
			);
			name = META;
			productName = META;
			productReference = 504E60801E8D3B8000C4E3EF /* META.framework */;
			productType = "com.apple.product-type.framework";
		};
		504E60881E8D3B8000C4E3EF /* METATests */ = {
			isa = PBXNativeTarget;
			buildConfigurationList = 504E60971E8D3B8000C4E3EF /* Build configuration list for PBXNativeTarget "METATests" */;
			buildPhases = (
				504E60851E8D3B8000C4E3EF /* Sources */,
				504E60861E8D3B8000C4E3EF /* Frameworks */,
				504E60871E8D3B8000C4E3EF /* Resources */,
			);
			buildRules = (
			);
			dependencies = (
				504E608C1E8D3B8000C4E3EF /* PBXTargetDependency */,
			);
			name = METATests;
			productName = METATests;
			productReference = 504E60891E8D3B8000C4E3EF /* METATests.xctest */;
			productType = "com.apple.product-type.bundle.unit-test";
		};
/* End PBXNativeTarget section */

/* Begin PBXProject section */
		504E60771E8D3B8000C4E3EF /* Project object */ = {
			isa = PBXProject;
			attributes = {
				LastSwiftUpdateCheck = 0830;
				LastUpgradeCheck = 0900;
				ORGANIZATIONNAME = "Pascal Schönthier";
				TargetAttributes = {
					504E607F1E8D3B8000C4E3EF = {
						CreatedOnToolsVersion = 8.3;
						DevelopmentTeam = SYMB48J5LX;
						LastSwiftMigration = 0900;
						ProvisioningStyle = Automatic;
					};
					504E60881E8D3B8000C4E3EF = {
						CreatedOnToolsVersion = 8.3;
						DevelopmentTeam = SYMB48J5LX;
						LastSwiftMigration = 0900;
						ProvisioningStyle = Automatic;
					};
				};
			};
			buildConfigurationList = 504E607A1E8D3B8000C4E3EF /* Build configuration list for PBXProject "META" */;
			compatibilityVersion = "Xcode 3.2";
			developmentRegion = English;
			hasScannedForEncodings = 0;
			knownRegions = (
				en,
			);
			mainGroup = 504E60761E8D3B8000C4E3EF;
			productRefGroup = 504E60811E8D3B8000C4E3EF /* Products */;
			projectDirPath = "";
			projectRoot = "";
			targets = (
				504E607F1E8D3B8000C4E3EF /* META */,
				504E60881E8D3B8000C4E3EF /* METATests */,
			);
		};
/* End PBXProject section */

/* Begin PBXResourcesBuildPhase section */
		504E607E1E8D3B8000C4E3EF /* Resources */ = {
			isa = PBXResourcesBuildPhase;
			buildActionMask = 2147483647;
			files = (
			);
			runOnlyForDeploymentPostprocessing = 0;
		};
		504E60871E8D3B8000C4E3EF /* Resources */ = {
			isa = PBXResourcesBuildPhase;
			buildActionMask = 2147483647;
			files = (
			);
			runOnlyForDeploymentPostprocessing = 0;
		};
/* End PBXResourcesBuildPhase section */

/* Begin PBXShellScriptBuildPhase section */
		5054C8881E9BF18300314D6D /* ShellScript */ = {
			isa = PBXShellScriptBuildPhase;
			buildActionMask = 2147483647;
			files = (
			);
			inputPaths = (
				"$(SRCROOT)/Carthage/Build/iOS/iOSSystemServices.framework",
				"$(SRCROOT)/Carthage/Build/iOS/Alamofire.framework",
			);
			outputPaths = (
			);
			runOnlyForDeploymentPostprocessing = 0;
			shellPath = /bin/sh;
			shellScript = "/usr/local/bin/carthage copy-frameworks";
		};
/* End PBXShellScriptBuildPhase section */

/* Begin PBXSourcesBuildPhase section */
		504E607B1E8D3B8000C4E3EF /* Sources */ = {
			isa = PBXSourcesBuildPhase;
			buildActionMask = 2147483647;
			files = (
				5076A3751EDEDD9F00B1A5F6 /* CPUUsageNotifier.swift in Sources */,
				5076A3711EDE065700B1A5F6 /* Observable.swift in Sources */,
				5039DFE81E8E9C4800DE21E9 /* ComputeUnitScheduler.swift in Sources */,
				5076A3731EDEA2D000B1A5F6 /* BatteryLevelNotifier.swift in Sources */,
				5059DFE61E9E4FC400C6ABA3 /* NetworkLatencyService.swift in Sources */,
				508FB0951EBA0F0D0014E5E3 /* SchedulingStrategy.swift in Sources */,
				5054C88B1E9BF3C600314D6D /* NSTimer+Clusure.swift in Sources */,
				5076A36F1EDE063000B1A5F6 /* LatencyNotifier.swift in Sources */,
				5051A1BA1F39CCC0008776B2 /* RoundRobinSchedulingStrategy.swift in Sources */,
				504E609B1E8D3BA400C4E3EF /* ComputeUnit.swift in Sources */,
				508FB09A1EC1C5930014E5E3 /* SchedulingOptimizationStrategy.swift in Sources */,
				508FB09C1EC1C5F90014E5E3 /* LatencyEffizientOptimizer.swift in Sources */,
				504AEE641E8E7F0100D644EB /* ComputeDataSource.swift in Sources */,
				504AEE621E8E7ED900D644EB /* ComputeUnitDelegate.swift in Sources */,
				508FB0971EBA0F390014E5E3 /* AdaptiveSchedulingStrategy.swift in Sources */,
				5059DFEE1E9FA8CB00C6ABA3 /* Constants.swift in Sources */,
			);
			runOnlyForDeploymentPostprocessing = 0;
		};
		504E60851E8D3B8000C4E3EF /* Sources */ = {
			isa = PBXSourcesBuildPhase;
			buildActionMask = 2147483647;
			files = (
				5054C88D1E9CD50900314D6D /* MetaComputeSchedulerTest.swift in Sources */,
				5057AC571E93BA2B003B8FAB /* MetaComputeUnitTest.swift in Sources */,
				506054A41E968E91009DDF1E /* MetaComputeUnitDataSourceTest.swift in Sources */,
			);
			runOnlyForDeploymentPostprocessing = 0;
		};
/* End PBXSourcesBuildPhase section */

/* Begin PBXTargetDependency section */
		504E608C1E8D3B8000C4E3EF /* PBXTargetDependency */ = {
			isa = PBXTargetDependency;
			target = 504E607F1E8D3B8000C4E3EF /* META */;
			targetProxy = 504E608B1E8D3B8000C4E3EF /* PBXContainerItemProxy */;
		};
/* End PBXTargetDependency section */

/* Begin XCBuildConfiguration section */
		504E60921E8D3B8000C4E3EF /* Debug */ = {
			isa = XCBuildConfiguration;
			buildSettings = {
				ALWAYS_SEARCH_USER_PATHS = NO;
				CLANG_ANALYZER_NONNULL = YES;
				CLANG_ANALYZER_NUMBER_OBJECT_CONVERSION = YES_AGGRESSIVE;
				CLANG_CXX_LANGUAGE_STANDARD = "gnu++0x";
				CLANG_CXX_LIBRARY = "libc++";
				CLANG_ENABLE_MODULES = YES;
				CLANG_ENABLE_OBJC_ARC = YES;
				CLANG_WARN_BLOCK_CAPTURE_AUTORELEASING = YES;
				CLANG_WARN_BOOL_CONVERSION = YES;
				CLANG_WARN_COMMA = YES;
				CLANG_WARN_CONSTANT_CONVERSION = YES;
				CLANG_WARN_DIRECT_OBJC_ISA_USAGE = YES_ERROR;
				CLANG_WARN_DOCUMENTATION_COMMENTS = YES;
				CLANG_WARN_EMPTY_BODY = YES;
				CLANG_WARN_ENUM_CONVERSION = YES;
				CLANG_WARN_INFINITE_RECURSION = YES;
				CLANG_WARN_INT_CONVERSION = YES;
				CLANG_WARN_NON_LITERAL_NULL_CONVERSION = YES;
				CLANG_WARN_OBJC_LITERAL_CONVERSION = YES;
				CLANG_WARN_OBJC_ROOT_CLASS = YES_ERROR;
				CLANG_WARN_RANGE_LOOP_ANALYSIS = YES;
				CLANG_WARN_STRICT_PROTOTYPES = YES;
				CLANG_WARN_SUSPICIOUS_MOVE = YES;
				CLANG_WARN_UNREACHABLE_CODE = YES;
				CLANG_WARN__DUPLICATE_METHOD_MATCH = YES;
				"CODE_SIGN_IDENTITY[sdk=iphoneos*]" = "iPhone Developer";
				COPY_PHASE_STRIP = NO;
				CURRENT_PROJECT_VERSION = 1;
				DEBUG_INFORMATION_FORMAT = dwarf;
				ENABLE_STRICT_OBJC_MSGSEND = YES;
				ENABLE_TESTABILITY = YES;
				GCC_C_LANGUAGE_STANDARD = gnu99;
				GCC_DYNAMIC_NO_PIC = NO;
				GCC_NO_COMMON_BLOCKS = YES;
				GCC_OPTIMIZATION_LEVEL = 0;
				GCC_PREPROCESSOR_DEFINITIONS = (
					"DEBUG=1",
					"$(inherited)",
				);
				GCC_WARN_64_TO_32_BIT_CONVERSION = YES;
				GCC_WARN_ABOUT_RETURN_TYPE = YES_ERROR;
				GCC_WARN_UNDECLARED_SELECTOR = YES;
				GCC_WARN_UNINITIALIZED_AUTOS = YES_AGGRESSIVE;
				GCC_WARN_UNUSED_FUNCTION = YES;
				GCC_WARN_UNUSED_VARIABLE = YES;
				IPHONEOS_DEPLOYMENT_TARGET = 10.3;
				MTL_ENABLE_DEBUG_INFO = YES;
				ONLY_ACTIVE_ARCH = YES;
				SDKROOT = iphoneos;
				SWIFT_ACTIVE_COMPILATION_CONDITIONS = DEBUG;
				SWIFT_OPTIMIZATION_LEVEL = "-Onone";
				TARGETED_DEVICE_FAMILY = "1,2";
				VERSIONING_SYSTEM = "apple-generic";
				VERSION_INFO_PREFIX = "";
			};
			name = Debug;
		};
		504E60931E8D3B8000C4E3EF /* Release */ = {
			isa = XCBuildConfiguration;
			buildSettings = {
				ALWAYS_SEARCH_USER_PATHS = NO;
				CLANG_ANALYZER_NONNULL = YES;
				CLANG_ANALYZER_NUMBER_OBJECT_CONVERSION = YES_AGGRESSIVE;
				CLANG_CXX_LANGUAGE_STANDARD = "gnu++0x";
				CLANG_CXX_LIBRARY = "libc++";
				CLANG_ENABLE_MODULES = YES;
				CLANG_ENABLE_OBJC_ARC = YES;
				CLANG_WARN_BLOCK_CAPTURE_AUTORELEASING = YES;
				CLANG_WARN_BOOL_CONVERSION = YES;
				CLANG_WARN_COMMA = YES;
				CLANG_WARN_CONSTANT_CONVERSION = YES;
				CLANG_WARN_DIRECT_OBJC_ISA_USAGE = YES_ERROR;
				CLANG_WARN_DOCUMENTATION_COMMENTS = YES;
				CLANG_WARN_EMPTY_BODY = YES;
				CLANG_WARN_ENUM_CONVERSION = YES;
				CLANG_WARN_INFINITE_RECURSION = YES;
				CLANG_WARN_INT_CONVERSION = YES;
				CLANG_WARN_NON_LITERAL_NULL_CONVERSION = YES;
				CLANG_WARN_OBJC_LITERAL_CONVERSION = YES;
				CLANG_WARN_OBJC_ROOT_CLASS = YES_ERROR;
				CLANG_WARN_RANGE_LOOP_ANALYSIS = YES;
				CLANG_WARN_STRICT_PROTOTYPES = YES;
				CLANG_WARN_SUSPICIOUS_MOVE = YES;
				CLANG_WARN_UNREACHABLE_CODE = YES;
				CLANG_WARN__DUPLICATE_METHOD_MATCH = YES;
				"CODE_SIGN_IDENTITY[sdk=iphoneos*]" = "iPhone Developer";
				COPY_PHASE_STRIP = NO;
				CURRENT_PROJECT_VERSION = 1;
				DEBUG_INFORMATION_FORMAT = "dwarf-with-dsym";
				ENABLE_NS_ASSERTIONS = NO;
				ENABLE_STRICT_OBJC_MSGSEND = YES;
				GCC_C_LANGUAGE_STANDARD = gnu99;
				GCC_NO_COMMON_BLOCKS = YES;
				GCC_WARN_64_TO_32_BIT_CONVERSION = YES;
				GCC_WARN_ABOUT_RETURN_TYPE = YES_ERROR;
				GCC_WARN_UNDECLARED_SELECTOR = YES;
				GCC_WARN_UNINITIALIZED_AUTOS = YES_AGGRESSIVE;
				GCC_WARN_UNUSED_FUNCTION = YES;
				GCC_WARN_UNUSED_VARIABLE = YES;
				IPHONEOS_DEPLOYMENT_TARGET = 10.3;
				MTL_ENABLE_DEBUG_INFO = NO;
				SDKROOT = iphoneos;
				SWIFT_OPTIMIZATION_LEVEL = "-Owholemodule";
				TARGETED_DEVICE_FAMILY = "1,2";
				VALIDATE_PRODUCT = YES;
				VERSIONING_SYSTEM = "apple-generic";
				VERSION_INFO_PREFIX = "";
			};
			name = Release;
		};
		504E60951E8D3B8000C4E3EF /* Debug */ = {
			isa = XCBuildConfiguration;
			buildSettings = {
				CLANG_ENABLE_MODULES = YES;
				CODE_SIGN_IDENTITY = "";
				DEFINES_MODULE = YES;
				DEVELOPMENT_TEAM = SYMB48J5LX;
				DYLIB_COMPATIBILITY_VERSION = 1;
				DYLIB_CURRENT_VERSION = 1;
				DYLIB_INSTALL_NAME_BASE = "@rpath";
				FRAMEWORK_SEARCH_PATHS = (
					"$(inherited)",
					"$(PROJECT_DIR)/Carthage/Build/iOS",
				);
				INFOPLIST_FILE = META/Info.plist;
				INSTALL_PATH = "$(LOCAL_LIBRARY_DIR)/Frameworks";
				LD_RUNPATH_SEARCH_PATHS = "$(inherited) @executable_path/Frameworks @loader_path/Frameworks";
				PRODUCT_BUNDLE_IDENTIFIER = de.pixelskull.META;
				PRODUCT_NAME = "$(TARGET_NAME)";
				SKIP_INSTALL = YES;
				SWIFT_OPTIMIZATION_LEVEL = "-Onone";
				SWIFT_SWIFT3_OBJC_INFERENCE = Off;
				SWIFT_VERSION = 4.0;
			};
			name = Debug;
		};
		504E60961E8D3B8000C4E3EF /* Release */ = {
			isa = XCBuildConfiguration;
			buildSettings = {
				CLANG_ENABLE_MODULES = YES;
				CODE_SIGN_IDENTITY = "";
				DEFINES_MODULE = YES;
				DEVELOPMENT_TEAM = SYMB48J5LX;
				DYLIB_COMPATIBILITY_VERSION = 1;
				DYLIB_CURRENT_VERSION = 1;
				DYLIB_INSTALL_NAME_BASE = "@rpath";
				FRAMEWORK_SEARCH_PATHS = (
					"$(inherited)",
					"$(PROJECT_DIR)/Carthage/Build/iOS",
				);
				INFOPLIST_FILE = META/Info.plist;
				INSTALL_PATH = "$(LOCAL_LIBRARY_DIR)/Frameworks";
				LD_RUNPATH_SEARCH_PATHS = "$(inherited) @executable_path/Frameworks @loader_path/Frameworks";
				PRODUCT_BUNDLE_IDENTIFIER = de.pixelskull.META;
				PRODUCT_NAME = "$(TARGET_NAME)";
				SKIP_INSTALL = YES;
				SWIFT_SWIFT3_OBJC_INFERENCE = Off;
				SWIFT_VERSION = 4.0;
			};
			name = Release;
		};
		504E60981E8D3B8000C4E3EF /* Debug */ = {
			isa = XCBuildConfiguration;
			buildSettings = {
				ALWAYS_EMBED_SWIFT_STANDARD_LIBRARIES = YES;
				DEVELOPMENT_TEAM = SYMB48J5LX;
				INFOPLIST_FILE = METATests/Info.plist;
				LD_RUNPATH_SEARCH_PATHS = "$(inherited) @executable_path/Frameworks @loader_path/Frameworks";
				PRODUCT_BUNDLE_IDENTIFIER = de.pixelskull.METATests;
				PRODUCT_NAME = "$(TARGET_NAME)";
				SWIFT_SWIFT3_OBJC_INFERENCE = Off;
				SWIFT_VERSION = 4.0;
			};
			name = Debug;
		};
		504E60991E8D3B8000C4E3EF /* Release */ = {
			isa = XCBuildConfiguration;
			buildSettings = {
				ALWAYS_EMBED_SWIFT_STANDARD_LIBRARIES = YES;
				DEVELOPMENT_TEAM = SYMB48J5LX;
				INFOPLIST_FILE = METATests/Info.plist;
				LD_RUNPATH_SEARCH_PATHS = "$(inherited) @executable_path/Frameworks @loader_path/Frameworks";
				PRODUCT_BUNDLE_IDENTIFIER = de.pixelskull.METATests;
				PRODUCT_NAME = "$(TARGET_NAME)";
				SWIFT_SWIFT3_OBJC_INFERENCE = Off;
				SWIFT_VERSION = 4.0;
			};
			name = Release;
		};
/* End XCBuildConfiguration section */

/* Begin XCConfigurationList section */
		504E607A1E8D3B8000C4E3EF /* Build configuration list for PBXProject "META" */ = {
			isa = XCConfigurationList;
			buildConfigurations = (
				504E60921E8D3B8000C4E3EF /* Debug */,
				504E60931E8D3B8000C4E3EF /* Release */,
			);
			defaultConfigurationIsVisible = 0;
			defaultConfigurationName = Release;
		};
		504E60941E8D3B8000C4E3EF /* Build configuration list for PBXNativeTarget "META" */ = {
			isa = XCConfigurationList;
			buildConfigurations = (
				504E60951E8D3B8000C4E3EF /* Debug */,
				504E60961E8D3B8000C4E3EF /* Release */,
			);
			defaultConfigurationIsVisible = 0;
			defaultConfigurationName = Release;
		};
		504E60971E8D3B8000C4E3EF /* Build configuration list for PBXNativeTarget "METATests" */ = {
			isa = XCConfigurationList;
			buildConfigurations = (
				504E60981E8D3B8000C4E3EF /* Debug */,
				504E60991E8D3B8000C4E3EF /* Release */,
			);
			defaultConfigurationIsVisible = 0;
			defaultConfigurationName = Release;
		};
/* End XCConfigurationList section */
	};
	rootObject = 504E60771E8D3B8000C4E3EF /* Project object */;
}
